<?xml version="1.0" encoding="utf-8"?>
<Project ToolsVersion="4.0" xmlns="http://schemas.microsoft.com/developer/msbuild/2003">
  <ItemGroup>
    <Filter Include="Source Files">
      <UniqueIdentifier>{4FC737F1-C7A5-4376-A066-2A32D752A2FF}</UniqueIdentifier>
      <Extensions>cpp;c;cc;cxx;def;odl;idl;hpj;bat;asm;asmx</Extensions>
    </Filter>
    <Filter Include="Header Files">
      <UniqueIdentifier>{93995380-89BD-4b04-88EB-625FBE52EBFB}</UniqueIdentifier>
      <Extensions>h;hh;hpp;hxx;hm;inl;inc;xsd</Extensions>
    </Filter>
    <Filter Include="Resource Files">
      <UniqueIdentifier>{67DA6AB6-F800-4c08-8B7A-83BB121AAD01}</UniqueIdentifier>
      <Extensions>rc;ico;cur;bmp;dlg;rc2;rct;bin;rgs;gif;jpg;jpeg;jpe;resx;tiff;tif;png;wav;mfcribbon-ms</Extensions>
    </Filter>
    <Filter Include="Source Files\libs">
      <UniqueIdentifier>{847fea9c-3ebb-46db-a89c-084077b6ac6d}</UniqueIdentifier>
    </Filter>
    <Filter Include="Source Files\GUI">
      <UniqueIdentifier>{0d9d25dc-b4e3-4d87-bca4-60d600c7d8f0}</UniqueIdentifier>
    </Filter>
  </ItemGroup>
  <ItemGroup>
    <ClCompile Include="main.cpp">
      <Filter>Source Files</Filter>
    </ClCompile>
    <ClCompile Include="ImagePreprocessor.cpp">
      <Filter>Source Files</Filter>
    </ClCompile>
    <ClCompile Include="DetectorResult.cpp">
      <Filter>Source Files</Filter>
    </ClCompile>
    <ClCompile Include="DetectorEvaluationResult.cpp">
      <Filter>Source Files</Filter>
    </ClCompile>
    <ClCompile Include="ImageUtils.cpp">
      <Filter>Source Files</Filter>
    </ClCompile>
    <ClCompile Include="libs\PerformanceTimer.cpp">
      <Filter>Source Files\libs</Filter>
    </ClCompile>
    <ClCompile Include="libs\TimeUtils.cpp">
      <Filter>Source Files\libs</Filter>
    </ClCompile>
    <ClCompile Include="ImageDetector.cpp">
      <Filter>Source Files</Filter>
    </ClCompile>
    <ClCompile Include="TargetDetector.cpp">
      <Filter>Source Files</Filter>
    </ClCompile>
    <ClCompile Include="GUI\GUIUtils.cpp">
      <Filter>Source Files\GUI</Filter>
    </ClCompile>
    <ClCompile Include="ImageAnalysis.cpp">
      <Filter>Source Files</Filter>
    </ClCompile>
  </ItemGroup>
  <ItemGroup>
    <ClInclude Include="Cash.h">
      <Filter>Header Files</Filter>
    </ClInclude>
    <ClInclude Include="ImagePreprocessor.h">
      <Filter>Header Files</Filter>
    </ClInclude>
    <ClInclude Include="Configs.h">
      <Filter>Header Files</Filter>
    </ClInclude>
    <ClInclude Include="DetectorResult.h">
      <Filter>Header Files</Filter>
    </ClInclude>
    <ClInclude Include="DetectorEvaluationResult.h">
      <Filter>Header Files</Filter>
    </ClInclude>
    <ClInclude Include="ImageUtils.h">
      <Filter>Header Files</Filter>
    </ClInclude>
    <ClInclude Include="libs\PerformanceTimer.h">
      <Filter>Source Files\libs</Filter>
    </ClInclude>
    <ClInclude Include="libs\TimeUtils.h">
      <Filter>Source Files\libs</Filter>
    </ClInclude>
    <ClInclude Include="ImageDetector.h">
      <Filter>Header Files</Filter>
    </ClInclude>
    <ClInclude Include="TargetDetector.h">
      <Filter>Header Files</Filter>
    </ClInclude>
    <ClInclude Include="GUI\GUIUtils.h">
      <Filter>Source Files\GUI</Filter>
    </ClInclude>
    <ClInclude Include="ImageAnalysis.h">
      <Filter>Header Files</Filter>
    </ClInclude>
  </ItemGroup>
</Project>